
Microsoft Visual Studio Solution File, Format Version 12.00
Project("{FAE04EC0-301F-11D3-BF4B-00C04F79EFBC}") = "CryptoChamp.Cli", "CryptoChamp.Cli\CryptoChamp.Cli.csproj", "{13A637A1-43DC-465B-A64E-C819C0AC6604}"
EndProject
Global
	GlobalSection(SolutionConfigurationPlatforms) = preSolution
		Debug|Any CPU = Debug|Any CPU
		Release|Any CPU = Release|Any CPU
	EndGlobalSection
	GlobalSection(ProjectConfigurationPlatforms) = postSolution
		{13A637A1-43DC-465B-A64E-C819C0AC6604}.Debug|Any CPU.ActiveCfg = Debug|Any CPU
		{13A637A1-43DC-465B-A64E-C819C0AC6604}.Debug|Any CPU.Build.0 = Debug|Any CPU
		{13A637A1-43DC-465B-A64E-C819C0AC6604}.Release|Any CPU.ActiveCfg = Release|Any CPU
		{13A637A1-43DC-465B-A64E-C819C0AC6604}.Release|Any CPU.Build.0 = Release|Any CPU
	EndGlobalSection
EndGlobal
